# This file is autogenerated, do not edit; changes may be undone by the next 'dep ensure'.

memo = "32a9e6bff61bd1a4d5e722e7fdde6dede1cccbcd9b45f987a94039b190947147"

[[projects]]
  branch = "master"
  name = "github.com/armon/go-radix"
  packages = ["."]
  revision = "4239b77079c7b5d1243b7b4736304ce8ddb6f0f2"

[[projects]]
  branch = "master"
  name = "github.com/bgentry/speakeasy"
  packages = ["."]
  revision = "675b82c74c0ed12283ee81ba8a534c8982c07b85"

[[projects]]
  branch = "master"
  name = "github.com/mattn/go-isatty"
  packages = ["."]
  revision = "57fdcb988a5c543893cc61bce354a6e24ab70022"

[[projects]]
  branch = "master"
  name = "github.com/mitchellh/cli"
  packages = ["."]
  revision = "8d6d9ab3c912dcb005ece87c40a41b9e73e1999a"

[[projects]]
  branch = "master"
  name = "golang.org/x/sys"
  packages = ["unix"]
  revision = "a55a76086885b80f79961eacb876ebd8caf3868d"
