# This file is autogenerated, do not edit; changes may be undone by the next 'dep ensure'.

memo = "0f79cba855c5d3785edecbb9ce0b986e5c18c9cec464d7557a1b64d14879243c"

[[projects]]
  branch = "master"
  name = "github.com/armon/go-radix"
  packages = ["."]
  revision = "4239b77079c7b5d1243b7b4736304ce8ddb6f0f2"

[[projects]]
  branch = "master"
  name = "github.com/aws/aws-sdk-go"
  packages = ["aws","aws/awserr","aws/awsutil","aws/client","aws/client/metadata","aws/corehandlers","aws/credentials","aws/credentials/ec2rolecreds","aws/credentials/endpointcreds","aws/credentials/stscreds","aws/defaults","aws/ec2metadata","aws/endpoints","aws/request","aws/session","aws/signer/v4","private/protocol","private/protocol/query","private/protocol/query/queryutil","private/protocol/rest","private/protocol/restxml","private/protocol/xml/xmlutil","service/rds","service/s3","service/sts"]
  revision = "26d4122e877bd86f43d528ad7fbde237dbbd3fa9"

[[projects]]
  branch = "master"
  name = "github.com/bgentry/speakeasy"
  packages = ["."]
  revision = "675b82c74c0ed12283ee81ba8a534c8982c07b85"

[[projects]]
  name = "github.com/dnsimple/dnsimple-go"
  packages = ["dnsimple"]
  revision = "d1105abc03b313d7b8d9b04364f6bd053b346e59"
  version = "v0.14.0"

[[projects]]
  name = "github.com/go-ini/ini"
  packages = ["."]
  revision = "36da989cdc560b989d8f195aec46214d33665d20"
  version = "v1.27.2"

[[projects]]
  branch = "master"
  name = "github.com/google/go-querystring"
  packages = ["query"]
  revision = "53e6ce116135b80d037921a7fdd5138cf32d7a8a"

[[projects]]
  name = "github.com/jmespath/go-jmespath"
  packages = ["."]
  revision = "3433f3ea46d9f8019119e7dd41274e112a2359a9"
  version = "0.2.2"

[[projects]]
  branch = "master"
  name = "github.com/mattn/go-isatty"
  packages = ["."]
  revision = "57fdcb988a5c543893cc61bce354a6e24ab70022"

[[projects]]
  branch = "master"
  name = "github.com/mitchellh/cli"
  packages = ["."]
  revision = "8d6d9ab3c912dcb005ece87c40a41b9e73e1999a"

[[projects]]
  branch = "master"
  name = "golang.org/x/sys"
  packages = ["unix"]
  revision = "a55a76086885b80f79961eacb876ebd8caf3868d"

[[projects]]
  branch = "v2"
  name = "gopkg.in/yaml.v2"
  packages = ["."]
  revision = "cd8b52f8269e0feb286dfeef29f8fe4d5b397e0b"
